
Microsoft Visual Studio Solution File, Format Version 12.00
Project("{FAE04EC0-301F-11D3-BF4B-00C04F79EFBC}") = "Snake", "Snake\Snake.csproj", "{470A64B5-8C33-4108-803A-FC03056DFA8F}"
EndProject
Project("{FAE04EC0-301F-11D3-BF4B-00C04F79EFBC}") = "SarsaBrain", "SarsaBrain\SarsaBrain.csproj", "{C68E5608-DF11-4594-B0B1-6270B21F77A1}"
EndProject
Global
	GlobalSection(SolutionConfigurationPlatforms) = preSolution
		Debug|Any CPU = Debug|Any CPU
		Release|Any CPU = Release|Any CPU
	EndGlobalSection
	GlobalSection(ProjectConfigurationPlatforms) = postSolution
		{470A64B5-8C33-4108-803A-FC03056DFA8F}.Release|Any CPU.ActiveCfg = Release|Any CPU
		{470A64B5-8C33-4108-803A-FC03056DFA8F}.Release|Any CPU.Build.0 = Release|Any CPU
		{470A64B5-8C33-4108-803A-FC03056DFA8F}.Debug|Any CPU.ActiveCfg = Debug|x64
		{470A64B5-8C33-4108-803A-FC03056DFA8F}.Debug|Any CPU.Build.0 = Debug|x64
		{C68E5608-DF11-4594-B0B1-6270B21F77A1}.Release|Any CPU.ActiveCfg = Release|Any CPU
		{C68E5608-DF11-4594-B0B1-6270B21F77A1}.Release|Any CPU.Build.0 = Release|Any CPU
		{C68E5608-DF11-4594-B0B1-6270B21F77A1}.Debug|Any CPU.ActiveCfg = Debug|x64
		{C68E5608-DF11-4594-B0B1-6270B21F77A1}.Debug|Any CPU.Build.0 = Debug|x64
	EndGlobalSection
EndGlobal
